// !$*UTF8*$!
{
	archiveVersion = 1;
	classes = {
	};
	objectVersion = 90;
	objects = {

/* Begin PBXBuildFile section */
		D754F6452F420A6600213F89 /* ObjectBox.xcframework in Frameworks */ = {isa = PBXBuildFile; productRef = D754F6442F420A6600213F89 /* ObjectBox.xcframework */; };
		D7625E212F28EEF1004FB165 /* Collections in Frameworks */ = {isa = PBXBuildFile; productRef = D7625E202F28EEF1004FB165 /* Collections */; };
		D7D753702EDDF777003CF668 /* Valet in Frameworks */ = {isa = PBXBuildFile; productRef = D7D7536F2EDDF777003CF668 /* Valet */; };
/* End PBXBuildFile section */

/* Begin PBXContainerItemProxy section */
		D76F496C2EA8306B00BFF757 /* PBXContainerItemProxy */ = {
			isa = PBXContainerItemProxy;
			containerPortal = D76F49522EA8306A00BFF757 /* Project object */;
			proxyType = 1;
			remoteGlobalIDString = D76F49592EA8306A00BFF757;
			remoteInfo = USkateAppV2;
		};
		D76F49762EA8306B00BFF757 /* PBXContainerItemProxy */ = {
			isa = PBXContainerItemProxy;
			containerPortal = D76F49522EA8306A00BFF757 /* Project object */;
			proxyType = 1;
			remoteGlobalIDString = D76F49592EA8306A00BFF757;
			remoteInfo = USkateAppV2;
		};
/* End PBXContainerItemProxy section */

/* Begin PBXFileReference section */
		D716C8F12ECA1267006DA4F8 /* USkateAppV2Watch Watch App.app */ = {isa = PBXFileReference; explicitFileType = wrapper.application; includeInIndex = 0; name = "USkateAppV2Watch Watch App.app"; path = "/Users/olegbragin/Documents/CrucialSoftware/OSXDevelopment/USkate/uskateappV2/USkateAppV2/build/Debug-watchos/USkateAppV2Watch Watch App.app"; sourceTree = "<absolute>"; };
		D76F495A2EA8306A00BFF757 /* USkateAppV2.app */ = {isa = PBXFileReference; explicitFileType = wrapper.application; includeInIndex = 0; path = USkateAppV2.app; sourceTree = BUILT_PRODUCTS_DIR; };
		D76F496B2EA8306B00BFF757 /* USkateAppV2Tests.xctest */ = {isa = PBXFileReference; explicitFileType = wrapper.cfbundle; includeInIndex = 0; path = USkateAppV2Tests.xctest; sourceTree = BUILT_PRODUCTS_DIR; };
		D76F49752EA8306B00BFF757 /* USkateAppV2UITests.xctest */ = {isa = PBXFileReference; explicitFileType = wrapper.cfbundle; includeInIndex = 0; path = USkateAppV2UITests.xctest; sourceTree = BUILT_PRODUCTS_DIR; };
/* End PBXFileReference section */

/* Begin PBXFileSystemSynchronizedBuildFileExceptionSet section */
		D76F497D2EA8306B00BFF757 /* Exceptions for "USkateAppV2" folder in "USkateAppV2" target */ = {
			isa = PBXFileSystemSynchronizedBuildFileExceptionSet;
			membershipExceptions = (
				Info.plist,
			);
			target = D76F49592EA8306A00BFF757 /* USkateAppV2 */;
		};
/* End PBXFileSystemSynchronizedBuildFileExceptionSet section */

/* Begin PBXFileSystemSynchronizedRootGroup section */
		D754F6522F4211C000213F89 /* generated */ = {
			isa = PBXFileSystemSynchronizedRootGroup;
			path = generated;
			sourceTree = "<group>";
		};
		D76F495C2EA8306A00BFF757 /* USkateAppV2 */ = {
			isa = PBXFileSystemSynchronizedRootGroup;
			exceptions = (
				D76F497D2EA8306B00BFF757 /* Exceptions for "USkateAppV2" folder in "USkateAppV2" target */,
			);
			path = USkateAppV2;
			sourceTree = "<group>";
		};
		D76F496E2EA8306B00BFF757 /* USkateAppV2Tests */ = {
			isa = PBXFileSystemSynchronizedRootGroup;
			path = USkateAppV2Tests;
			sourceTree = "<group>";
		};
		D76F49782EA8306B00BFF757 /* USkateAppV2UITests */ = {
			isa = PBXFileSystemSynchronizedRootGroup;
			path = USkateAppV2UITests;
			sourceTree = "<group>";
		};
/* End PBXFileSystemSynchronizedRootGroup section */

/* Begin PBXFrameworksBuildPhase section */
		D76F49572EA8306A00BFF757 /* Frameworks */ = {
			isa = PBXFrameworksBuildPhase;
			files = (
				D754F6452F420A6600213F89 /* ObjectBox.xcframework in Frameworks */,
				D7625E212F28EEF1004FB165 /* Collections in Frameworks */,
				D7D753702EDDF777003CF668 /* Valet in Frameworks */,
			);
		};
		D76F49682EA8306B00BFF757 /* Frameworks */ = {
			isa = PBXFrameworksBuildPhase;
			files = (
			);
		};
		D76F49722EA8306B00BFF757 /* Frameworks */ = {
			isa = PBXFrameworksBuildPhase;
			files = (
			);
		};
/* End PBXFrameworksBuildPhase section */

/* Begin PBXGroup section */
		D747F13B2F1E9E7F00C8B2BC /* Frameworks */ = {
			isa = PBXGroup;
			children = (
			);
			name = Frameworks;
			sourceTree = "<group>";
		};
		D76F49512EA8306A00BFF757 = {
			isa = PBXGroup;
			children = (
				D754F6522F4211C000213F89 /* generated */,
				D76F495C2EA8306A00BFF757 /* USkateAppV2 */,
				D76F496E2EA8306B00BFF757 /* USkateAppV2Tests */,
				D76F49782EA8306B00BFF757 /* USkateAppV2UITests */,
				D747F13B2F1E9E7F00C8B2BC /* Frameworks */,
				D76F495B2EA8306A00BFF757 /* Products */,
				D7B6DA542F66F67E00810BBC /* Recovered References */,
			);
			sourceTree = "<group>";
		};
		D76F495B2EA8306A00BFF757 /* Products */ = {
			isa = PBXGroup;
			children = (
				D76F495A2EA8306A00BFF757 /* USkateAppV2.app */,
				D76F496B2EA8306B00BFF757 /* USkateAppV2Tests.xctest */,
				D76F49752EA8306B00BFF757 /* USkateAppV2UITests.xctest */,
			);
			name = Products;
			sourceTree = "<group>";
		};
		D7B6DA542F66F67E00810BBC /* Recovered References */ = {
			isa = PBXGroup;
			children = (
				D716C8F12ECA1267006DA4F8 /* USkateAppV2Watch Watch App.app */,
			);
			name = "Recovered References";
			sourceTree = "<group>";
		};
/* End PBXGroup section */

/* Begin PBXNativeTarget section */
		D76F49592EA8306A00BFF757 /* USkateAppV2 */ = {
			isa = PBXNativeTarget;
			buildConfigurationList = D76F497E2EA8306B00BFF757 /* Build configuration list for PBXNativeTarget "USkateAppV2" */;
			buildPhases = (
				D76F49562EA8306A00BFF757 /* Sources */,
				D76F49572EA8306A00BFF757 /* Frameworks */,
				D76F49582EA8306A00BFF757 /* Resources */,
			);
			buildRules = (
			);
			fileSystemSynchronizedGroups = (
				D754F6522F4211C000213F89 /* generated */,
				D76F495C2EA8306A00BFF757 /* USkateAppV2 */,
			);
			name = USkateAppV2;
			packageProductDependencies = (
				D7D7536F2EDDF777003CF668 /* Valet */,
				D7625E202F28EEF1004FB165 /* Collections */,
				D754F6442F420A6600213F89 /* ObjectBox.xcframework */,
			);
			productName = USkateAppV2;
			productReference = D76F495A2EA8306A00BFF757 /* USkateAppV2.app */;
			productType = "com.apple.product-type.application";
		};
		D76F496A2EA8306B00BFF757 /* USkateAppV2Tests */ = {
			isa = PBXNativeTarget;
			buildConfigurationList = D76F49832EA8306B00BFF757 /* Build configuration list for PBXNativeTarget "USkateAppV2Tests" */;
			buildPhases = (
				D76F49672EA8306B00BFF757 /* Sources */,
				D76F49682EA8306B00BFF757 /* Frameworks */,
				D76F49692EA8306B00BFF757 /* Resources */,
			);
			buildRules = (
			);
			dependencies = (
				D76F496D2EA8306B00BFF757 /* PBXTargetDependency */,
			);
			fileSystemSynchronizedGroups = (
				D76F496E2EA8306B00BFF757 /* USkateAppV2Tests */,
			);
			name = USkateAppV2Tests;
			productName = USkateAppV2Tests;
			productReference = D76F496B2EA8306B00BFF757 /* USkateAppV2Tests.xctest */;
			productType = "com.apple.product-type.bundle.unit-test";
		};
		D76F49742EA8306B00BFF757 /* USkateAppV2UITests */ = {
			isa = PBXNativeTarget;
			buildConfigurationList = D76F49862EA8306B00BFF757 /* Build configuration list for PBXNativeTarget "USkateAppV2UITests" */;
			buildPhases = (
				D76F49712EA8306B00BFF757 /* Sources */,
				D76F49722EA8306B00BFF757 /* Frameworks */,
				D76F49732EA8306B00BFF757 /* Resources */,
			);
			buildRules = (
			);
			dependencies = (
				D76F49772EA8306B00BFF757 /* PBXTargetDependency */,
			);
			fileSystemSynchronizedGroups = (
				D76F49782EA8306B00BFF757 /* USkateAppV2UITests */,
			);
			name = USkateAppV2UITests;
			productName = USkateAppV2UITests;
			productReference = D76F49752EA8306B00BFF757 /* USkateAppV2UITests.xctest */;
			productType = "com.apple.product-type.bundle.ui-testing";
		};
/* End PBXNativeTarget section */

/* Begin PBXProject section */
		D76F49522EA8306A00BFF757 /* Project object */ = {
			isa = PBXProject;
			attributes = {
				BuildIndependentTargetsInParallel = 1;
				LastSwiftUpdateCheck = 2610;
				LastUpgradeCheck = 2610;
				TargetAttributes = {
					D76F49592EA8306A00BFF757 = {
						CreatedOnToolsVersion = 26.0.1;
					};
					D76F496A2EA8306B00BFF757 = {
						CreatedOnToolsVersion = 26.0.1;
						TestTargetID = D76F49592EA8306A00BFF757;
					};
					D76F49742EA8306B00BFF757 = {
						CreatedOnToolsVersion = 26.0.1;
						TestTargetID = D76F49592EA8306A00BFF757;
					};
				};
			};
			buildConfigurationList = D76F49552EA8306A00BFF757 /* Build configuration list for PBXProject "USkateAppV2" */;
			developmentRegion = en;
			hasScannedForEncodings = 0;
			knownRegions = (
				en,
				Base,
				ru,
			);
			mainGroup = D76F49512EA8306A00BFF757;
			minimizedProjectReferenceProxies = 1;
			packageReferences = (
				D7D7536E2EDDF777003CF668 /* XCRemoteSwiftPackageReference "Valet" */,
				D7625E1F2F28EEF1004FB165 /* XCRemoteSwiftPackageReference "swift-collections" */,
				D754F6432F420A6600213F89 /* XCRemoteSwiftPackageReference "objectbox-swift-spm" */,
			);
			preferredProjectObjectVersion = 90;
			productRefGroup = D76F495B2EA8306A00BFF757 /* Products */;
			projectDirPath = "";
			projectRoot = "";
			targets = (
				D76F49592EA8306A00BFF757 /* USkateAppV2 */,
				D76F496A2EA8306B00BFF757 /* USkateAppV2Tests */,
				D76F49742EA8306B00BFF757 /* USkateAppV2UITests */,
			);
		};
/* End PBXProject section */

/* Begin PBXResourcesBuildPhase section */
		D76F49582EA8306A00BFF757 /* Resources */ = {
			isa = PBXResourcesBuildPhase;
			files = (
			);
		};
		D76F49692EA8306B00BFF757 /* Resources */ = {
			isa = PBXResourcesBuildPhase;
			files = (
			);
		};
		D76F49732EA8306B00BFF757 /* Resources */ = {
			isa = PBXResourcesBuildPhase;
			files = (
			);
		};
/* End PBXResourcesBuildPhase section */

/* Begin PBXSourcesBuildPhase section */
		D76F49562EA8306A00BFF757 /* Sources */ = {
			isa = PBXSourcesBuildPhase;
			files = (
			);
		};
		D76F49672EA8306B00BFF757 /* Sources */ = {
			isa = PBXSourcesBuildPhase;
			files = (
			);
		};
		D76F49712EA8306B00BFF757 /* Sources */ = {
			isa = PBXSourcesBuildPhase;
			files = (
			);
		};
/* End PBXSourcesBuildPhase section */

/* Begin PBXTargetDependency section */
		D76F496D2EA8306B00BFF757 /* PBXTargetDependency */ = {
			isa = PBXTargetDependency;
			target = D76F49592EA8306A00BFF757 /* USkateAppV2 */;
			targetProxy = D76F496C2EA8306B00BFF757 /* PBXContainerItemProxy */;
		};
		D76F49772EA8306B00BFF757 /* PBXTargetDependency */ = {
			isa = PBXTargetDependency;
			target = D76F49592EA8306A00BFF757 /* USkateAppV2 */;
			targetProxy = D76F49762EA8306B00BFF757 /* PBXContainerItemProxy */;
		};
/* End PBXTargetDependency section */

/* Begin XCBuildConfiguration section */
		D76F497F2EA8306B00BFF757 /* Debug configuration for PBXNativeTarget "USkateAppV2" */ = {
			isa = XCBuildConfiguration;
			buildSettings = {
				ASSETCATALOG_COMPILER_APPICON_NAME = AppIcon;
				ASSETCATALOG_COMPILER_GLOBAL_ACCENT_COLOR_NAME = AccentColor;
				ASSETCATALOG_COMPILER_INCLUDE_ALL_APPICON_ASSETS = YES;
				CODE_SIGN_STYLE = Automatic;
				CURRENT_PROJECT_VERSION = 1;
				DEAD_CODE_STRIPPING = YES;
				DEVELOPMENT_TEAM = T2LC74XB36;
				ENABLE_APP_SANDBOX = YES;
				ENABLE_HARDENED_RUNTIME = YES;
				ENABLE_PREVIEWS = YES;
				ENABLE_USER_SELECTED_FILES = readonly;
				GENERATE_INFOPLIST_FILE = YES;
				INFOPLIST_FILE = USkateAppV2/Info.plist;
				INFOPLIST_KEY_LSApplicationCategoryType = "public.app-category.lifestyle";
				"INFOPLIST_KEY_UIApplicationSceneManifest_Generation[sdk=iphoneos*]" = YES;
				"INFOPLIST_KEY_UIApplicationSceneManifest_Generation[sdk=iphonesimulator*]" = YES;
				"INFOPLIST_KEY_UIApplicationSupportsIndirectInputEvents[sdk=iphoneos*]" = YES;
				"INFOPLIST_KEY_UIApplicationSupportsIndirectInputEvents[sdk=iphonesimulator*]" = YES;
				"INFOPLIST_KEY_UILaunchScreen_Generation[sdk=iphoneos*]" = YES;
				"INFOPLIST_KEY_UILaunchScreen_Generation[sdk=iphonesimulator*]" = YES;
				"INFOPLIST_KEY_UIStatusBarStyle[sdk=iphoneos*]" = UIStatusBarStyleDefault;
				"INFOPLIST_KEY_UIStatusBarStyle[sdk=iphonesimulator*]" = UIStatusBarStyleDefault;
				INFOPLIST_KEY_UISupportedInterfaceOrientations_iPad = "UIInterfaceOrientationPortrait UIInterfaceOrientationPortraitUpsideDown UIInterfaceOrientationLandscapeLeft UIInterfaceOrientationLandscapeRight";
				INFOPLIST_KEY_UISupportedInterfaceOrientations_iPhone = "UIInterfaceOrientationPortrait UIInterfaceOrientationLandscapeLeft UIInterfaceOrientationLandscapeRight";
				IPHONEOS_DEPLOYMENT_TARGET = 26.0;
				LD_RUNPATH_SEARCH_PATHS = "@executable_path/Frameworks";
				"LD_RUNPATH_SEARCH_PATHS[sdk=macosx*]" = "@executable_path/../Frameworks";
				MACOSX_DEPLOYMENT_TARGET = 26.0;
				MARKETING_VERSION = 1.0;
				PRODUCT_BUNDLE_IDENTIFIER = com.crucialsoftware.USkateAppV2;
				PRODUCT_NAME = "$(TARGET_NAME)";
				REGISTER_APP_GROUPS = YES;
				SDKROOT = auto;
				STRING_CATALOG_GENERATE_SYMBOLS = YES;
				SUPPORTED_PLATFORMS = "iphoneos iphonesimulator macosx xros xrsimulator";
				SWIFT_APPROACHABLE_CONCURRENCY = YES;
				SWIFT_DEFAULT_ACTOR_ISOLATION = MainActor;
				SWIFT_EMIT_LOC_STRINGS = YES;
				SWIFT_UPCOMING_FEATURE_MEMBER_IMPORT_VISIBILITY = YES;
				SWIFT_VERSION = 5.0;
				TARGETED_DEVICE_FAMILY = "1,2,7";
				XROS_DEPLOYMENT_TARGET = 26.0;
			};
			name = Debug;
		};
		D76F49802EA8306B00BFF757 /* Release configuration for PBXNativeTarget "USkateAppV2" */ = {
			isa = XCBuildConfiguration;
			buildSettings = {
				ASSETCATALOG_COMPILER_APPICON_NAME = AppIcon;
				ASSETCATALOG_COMPILER_GLOBAL_ACCENT_COLOR_NAME = AccentColor;
				ASSETCATALOG_COMPILER_INCLUDE_ALL_APPICON_ASSETS = YES;
				CODE_SIGN_STYLE = Automatic;
				CURRENT_PROJECT_VERSION = 1;
				DEAD_CODE_STRIPPING = YES;
				DEVELOPMENT_TEAM = T2LC74XB36;
				ENABLE_APP_SANDBOX = YES;
				ENABLE_HARDENED_RUNTIME = YES;
				ENABLE_PREVIEWS = YES;
				ENABLE_USER_SELECTED_FILES = readonly;
				GENERATE_INFOPLIST_FILE = YES;
				INFOPLIST_FILE = USkateAppV2/Info.plist;
				INFOPLIST_KEY_LSApplicationCategoryType = "public.app-category.lifestyle";
				"INFOPLIST_KEY_UIApplicationSceneManifest_Generation[sdk=iphoneos*]" = YES;
				"INFOPLIST_KEY_UIApplicationSceneManifest_Generation[sdk=iphonesimulator*]" = YES;
				"INFOPLIST_KEY_UIApplicationSupportsIndirectInputEvents[sdk=iphoneos*]" = YES;
				"INFOPLIST_KEY_UIApplicationSupportsIndirectInputEvents[sdk=iphonesimulator*]" = YES;
				"INFOPLIST_KEY_UILaunchScreen_Generation[sdk=iphoneos*]" = YES;
				"INFOPLIST_KEY_UILaunchScreen_Generation[sdk=iphonesimulator*]" = YES;
				"INFOPLIST_KEY_UIStatusBarStyle[sdk=iphoneos*]" = UIStatusBarStyleDefault;
				"INFOPLIST_KEY_UIStatusBarStyle[sdk=iphonesimulator*]" = UIStatusBarStyleDefault;
				INFOPLIST_KEY_UISupportedInterfaceOrientations_iPad = "UIInterfaceOrientationPortrait UIInterfaceOrientationPortraitUpsideDown UIInterfaceOrientationLandscapeLeft UIInterfaceOrientationLandscapeRight";
				INFOPLIST_KEY_UISupportedInterfaceOrientations_iPhone = "UIInterfaceOrientationPortrait UIInterfaceOrientationLandscapeLeft UIInterfaceOrientationLandscapeRight";
				IPHONEOS_DEPLOYMENT_TARGET = 26.0;
				LD_RUNPATH_SEARCH_PATHS = "@executable_path/Frameworks";
				"LD_RUNPATH_SEARCH_PATHS[sdk=macosx*]" = "@executable_path/../Frameworks";
				MACOSX_DEPLOYMENT_TARGET = 26.0;
				MARKETING_VERSION = 1.0;
				PRODUCT_BUNDLE_IDENTIFIER = com.crucialsoftware.USkateAppV2;
				PRODUCT_NAME = "$(TARGET_NAME)";
				REGISTER_APP_GROUPS = YES;
				SDKROOT = auto;
				STRING_CATALOG_GENERATE_SYMBOLS = YES;
				SUPPORTED_PLATFORMS = "iphoneos iphonesimulator macosx xros xrsimulator";
				SWIFT_APPROACHABLE_CONCURRENCY = YES;
				SWIFT_DEFAULT_ACTOR_ISOLATION = MainActor;
				SWIFT_EMIT_LOC_STRINGS = YES;
				SWIFT_UPCOMING_FEATURE_MEMBER_IMPORT_VISIBILITY = YES;
				SWIFT_VERSION = 5.0;
				TARGETED_DEVICE_FAMILY = "1,2,7";
				XROS_DEPLOYMENT_TARGET = 26.0;
			};
			name = Release;
		};
		D76F49812EA8306B00BFF757 /* Debug configuration for PBXProject "USkateAppV2" */ = {
			isa = XCBuildConfiguration;
			buildSettings = {
				ALWAYS_SEARCH_USER_PATHS = NO;
				ASSETCATALOG_COMPILER_GENERATE_SWIFT_ASSET_SYMBOL_EXTENSIONS = YES;
				CLANG_ANALYZER_NONNULL = YES;
				CLANG_ANALYZER_NUMBER_OBJECT_CONVERSION = YES_AGGRESSIVE;
				CLANG_CXX_LANGUAGE_STANDARD = "gnu++20";
				CLANG_ENABLE_MODULES = YES;
				CLANG_ENABLE_OBJC_ARC = YES;
				CLANG_ENABLE_OBJC_WEAK = YES;
				CLANG_WARN_BLOCK_CAPTURE_AUTORELEASING = YES;
				CLANG_WARN_BOOL_CONVERSION = YES;
				CLANG_WARN_COMMA = YES;
				CLANG_WARN_CONSTANT_CONVERSION = YES;
				CLANG_WARN_DEPRECATED_OBJC_IMPLEMENTATIONS = YES;
				CLANG_WARN_DIRECT_OBJC_ISA_USAGE = YES_ERROR;
				CLANG_WARN_DOCUMENTATION_COMMENTS = YES;
				CLANG_WARN_EMPTY_BODY = YES;
				CLANG_WARN_ENUM_CONVERSION = YES;
				CLANG_WARN_INFINITE_RECURSION = YES;
				CLANG_WARN_INT_CONVERSION = YES;
				CLANG_WARN_NON_LITERAL_NULL_CONVERSION = YES;
				CLANG_WARN_OBJC_IMPLICIT_RETAIN_SELF = YES;
				CLANG_WARN_OBJC_LITERAL_CONVERSION = YES;
				CLANG_WARN_OBJC_ROOT_CLASS = YES_ERROR;
				CLANG_WARN_QUOTED_INCLUDE_IN_FRAMEWORK_HEADER = YES;
				CLANG_WARN_RANGE_LOOP_ANALYSIS = YES;
				CLANG_WARN_STRICT_PROTOTYPES = YES;
				CLANG_WARN_SUSPICIOUS_MOVE = YES;
				CLANG_WARN_UNGUARDED_AVAILABILITY = YES_AGGRESSIVE;
				CLANG_WARN_UNREACHABLE_CODE = YES;
				CLANG_WARN__DUPLICATE_METHOD_MATCH = YES;
				COPY_PHASE_STRIP = NO;
				DEAD_CODE_STRIPPING = YES;
				DEBUG_INFORMATION_FORMAT = dwarf;
				DEVELOPMENT_TEAM = T2LC74XB36;
				ENABLE_STRICT_OBJC_MSGSEND = YES;
				ENABLE_TESTABILITY = YES;
				ENABLE_USER_SCRIPT_SANDBOXING = YES;
				GCC_C_LANGUAGE_STANDARD = gnu17;
				GCC_DYNAMIC_NO_PIC = NO;
				GCC_NO_COMMON_BLOCKS = YES;
				GCC_OPTIMIZATION_LEVEL = 0;
				GCC_PREPROCESSOR_DEFINITIONS = (
					"DEBUG=1",
					"$(inherited)",
				);
				GCC_WARN_64_TO_32_BIT_CONVERSION = YES;
				GCC_WARN_ABOUT_RETURN_TYPE = YES_ERROR;
				GCC_WARN_UNDECLARED_SELECTOR = YES;
				GCC_WARN_UNINITIALIZED_AUTOS = YES_AGGRESSIVE;
				GCC_WARN_UNUSED_FUNCTION = YES;
				GCC_WARN_UNUSED_VARIABLE = YES;
				LOCALIZATION_PREFERS_STRING_CATALOGS = YES;
				MTL_ENABLE_DEBUG_INFO = INCLUDE_SOURCE;
				MTL_FAST_MATH = YES;
				ONLY_ACTIVE_ARCH = YES;
				STRING_CATALOG_GENERATE_SYMBOLS = YES;
				SWIFT_ACTIVE_COMPILATION_CONDITIONS = "DEBUG $(inherited)";
				SWIFT_EMIT_LOC_STRINGS = YES;
				SWIFT_OPTIMIZATION_LEVEL = "-Onone";
				SWIFT_VERSION = 6.0;
			};
			name = Debug;
		};
		D76F49822EA8306B00BFF757 /* Release configuration for PBXProject "USkateAppV2" */ = {
			isa = XCBuildConfiguration;
			buildSettings = {
				ALWAYS_SEARCH_USER_PATHS = NO;
				ASSETCATALOG_COMPILER_GENERATE_SWIFT_ASSET_SYMBOL_EXTENSIONS = YES;
				CLANG_ANALYZER_NONNULL = YES;
				CLANG_ANALYZER_NUMBER_OBJECT_CONVERSION = YES_AGGRESSIVE;
				CLANG_CXX_LANGUAGE_STANDARD = "gnu++20";
				CLANG_ENABLE_MODULES = YES;
				CLANG_ENABLE_OBJC_ARC = YES;
				CLANG_ENABLE_OBJC_WEAK = YES;
				CLANG_WARN_BLOCK_CAPTURE_AUTORELEASING = YES;
				CLANG_WARN_BOOL_CONVERSION = YES;
				CLANG_WARN_COMMA = YES;
				CLANG_WARN_CONSTANT_CONVERSION = YES;
				CLANG_WARN_DEPRECATED_OBJC_IMPLEMENTATIONS = YES;
				CLANG_WARN_DIRECT_OBJC_ISA_USAGE = YES_ERROR;
				CLANG_WARN_DOCUMENTATION_COMMENTS = YES;
				CLANG_WARN_EMPTY_BODY = YES;
				CLANG_WARN_ENUM_CONVERSION = YES;
				CLANG_WARN_INFINITE_RECURSION = YES;
				CLANG_WARN_INT_CONVERSION = YES;
				CLANG_WARN_NON_LITERAL_NULL_CONVERSION = YES;
				CLANG_WARN_OBJC_IMPLICIT_RETAIN_SELF = YES;
				CLANG_WARN_OBJC_LITERAL_CONVERSION = YES;
				CLANG_WARN_OBJC_ROOT_CLASS = YES_ERROR;
				CLANG_WARN_QUOTED_INCLUDE_IN_FRAMEWORK_HEADER = YES;
				CLANG_WARN_RANGE_LOOP_ANALYSIS = YES;
				CLANG_WARN_STRICT_PROTOTYPES = YES;
				CLANG_WARN_SUSPICIOUS_MOVE = YES;
				CLANG_WARN_UNGUARDED_AVAILABILITY = YES_AGGRESSIVE;
				CLANG_WARN_UNREACHABLE_CODE = YES;
				CLANG_WARN__DUPLICATE_METHOD_MATCH = YES;
				COPY_PHASE_STRIP = NO;
				DEAD_CODE_STRIPPING = YES;
				DEBUG_INFORMATION_FORMAT = "dwarf-with-dsym";
				DEVELOPMENT_TEAM = T2LC74XB36;
				ENABLE_NS_ASSERTIONS = NO;
				ENABLE_STRICT_OBJC_MSGSEND = YES;
				ENABLE_USER_SCRIPT_SANDBOXING = YES;
				GCC_C_LANGUAGE_STANDARD = gnu17;
				GCC_NO_COMMON_BLOCKS = YES;
				GCC_WARN_64_TO_32_BIT_CONVERSION = YES;
				GCC_WARN_ABOUT_RETURN_TYPE = YES_ERROR;
				GCC_WARN_UNDECLARED_SELECTOR = YES;
				GCC_WARN_UNINITIALIZED_AUTOS = YES_AGGRESSIVE;
				GCC_WARN_UNUSED_FUNCTION = YES;
				GCC_WARN_UNUSED_VARIABLE = YES;
				LOCALIZATION_PREFERS_STRING_CATALOGS = YES;
				MTL_ENABLE_DEBUG_INFO = NO;
				MTL_FAST_MATH = YES;
				STRING_CATALOG_GENERATE_SYMBOLS = YES;
				SWIFT_COMPILATION_MODE = wholemodule;
				SWIFT_EMIT_LOC_STRINGS = YES;
				SWIFT_VERSION = 6.0;
			};
			name = Release;
		};
		D76F49842EA8306B00BFF757 /* Debug configuration for PBXNativeTarget "USkateAppV2Tests" */ = {
			isa = XCBuildConfiguration;
			buildSettings = {
				BUNDLE_LOADER = "$(TEST_HOST)";
				CODE_SIGN_STYLE = Automatic;
				CURRENT_PROJECT_VERSION = 1;
				DEAD_CODE_STRIPPING = YES;
				DEVELOPMENT_TEAM = T2LC74XB36;
				GENERATE_INFOPLIST_FILE = YES;
				IPHONEOS_DEPLOYMENT_TARGET = 26.0;
				MACOSX_DEPLOYMENT_TARGET = 26.0;
				MARKETING_VERSION = 1.0;
				PRODUCT_BUNDLE_IDENTIFIER = com.crucialsoftware.USkateAppV2Tests;
				PRODUCT_NAME = "$(TARGET_NAME)";
				SDKROOT = auto;
				STRING_CATALOG_GENERATE_SYMBOLS = NO;
				SUPPORTED_PLATFORMS = "iphoneos iphonesimulator macosx xros xrsimulator";
				SWIFT_APPROACHABLE_CONCURRENCY = YES;
				SWIFT_EMIT_LOC_STRINGS = NO;
				SWIFT_UPCOMING_FEATURE_MEMBER_IMPORT_VISIBILITY = YES;
				SWIFT_VERSION = 5.0;
				TARGETED_DEVICE_FAMILY = "1,2,7";
				TEST_HOST = "$(BUILT_PRODUCTS_DIR)/USkateAppV2.app/$(BUNDLE_EXECUTABLE_FOLDER_PATH)/USkateAppV2";
				XROS_DEPLOYMENT_TARGET = 26.0;
			};
			name = Debug;
		};
		D76F49852EA8306B00BFF757 /* Release configuration for PBXNativeTarget "USkateAppV2Tests" */ = {
			isa = XCBuildConfiguration;
			buildSettings = {
				BUNDLE_LOADER = "$(TEST_HOST)";
				CODE_SIGN_STYLE = Automatic;
				CURRENT_PROJECT_VERSION = 1;
				DEAD_CODE_STRIPPING = YES;
				DEVELOPMENT_TEAM = T2LC74XB36;
				GENERATE_INFOPLIST_FILE = YES;
				IPHONEOS_DEPLOYMENT_TARGET = 26.0;
				MACOSX_DEPLOYMENT_TARGET = 26.0;
				MARKETING_VERSION = 1.0;
				PRODUCT_BUNDLE_IDENTIFIER = com.crucialsoftware.USkateAppV2Tests;
				PRODUCT_NAME = "$(TARGET_NAME)";
				SDKROOT = auto;
				STRING_CATALOG_GENERATE_SYMBOLS = NO;
				SUPPORTED_PLATFORMS = "iphoneos iphonesimulator macosx xros xrsimulator";
				SWIFT_APPROACHABLE_CONCURRENCY = YES;
				SWIFT_EMIT_LOC_STRINGS = NO;
				SWIFT_UPCOMING_FEATURE_MEMBER_IMPORT_VISIBILITY = YES;
				SWIFT_VERSION = 5.0;
				TARGETED_DEVICE_FAMILY = "1,2,7";
				TEST_HOST = "$(BUILT_PRODUCTS_DIR)/USkateAppV2.app/$(BUNDLE_EXECUTABLE_FOLDER_PATH)/USkateAppV2";
				XROS_DEPLOYMENT_TARGET = 26.0;
			};
			name = Release;
		};
		D76F49872EA8306B00BFF757 /* Debug configuration for PBXNativeTarget "USkateAppV2UITests" */ = {
			isa = XCBuildConfiguration;
			buildSettings = {
				CODE_SIGN_STYLE = Automatic;
				CURRENT_PROJECT_VERSION = 1;
				DEAD_CODE_STRIPPING = YES;
				DEVELOPMENT_TEAM = T2LC74XB36;
				GENERATE_INFOPLIST_FILE = YES;
				IPHONEOS_DEPLOYMENT_TARGET = 26.0;
				MACOSX_DEPLOYMENT_TARGET = 26.0;
				MARKETING_VERSION = 1.0;
				PRODUCT_BUNDLE_IDENTIFIER = com.crucialsoftware.USkateAppV2UITests;
				PRODUCT_NAME = "$(TARGET_NAME)";
				SDKROOT = auto;
				STRING_CATALOG_GENERATE_SYMBOLS = NO;
				SUPPORTED_PLATFORMS = "iphoneos iphonesimulator macosx xros xrsimulator";
				SWIFT_APPROACHABLE_CONCURRENCY = YES;
				SWIFT_EMIT_LOC_STRINGS = NO;
				SWIFT_UPCOMING_FEATURE_MEMBER_IMPORT_VISIBILITY = YES;
				SWIFT_VERSION = 5.0;
				TARGETED_DEVICE_FAMILY = "1,2,7";
				TEST_TARGET_NAME = USkateAppV2;
				XROS_DEPLOYMENT_TARGET = 26.0;
			};
			name = Debug;
		};
		D76F49882EA8306B00BFF757 /* Release configuration for PBXNativeTarget "USkateAppV2UITests" */ = {
			isa = XCBuildConfiguration;
			buildSettings = {
				CODE_SIGN_STYLE = Automatic;
				CURRENT_PROJECT_VERSION = 1;
				DEAD_CODE_STRIPPING = YES;
				DEVELOPMENT_TEAM = T2LC74XB36;
				GENERATE_INFOPLIST_FILE = YES;
				IPHONEOS_DEPLOYMENT_TARGET = 26.0;
				MACOSX_DEPLOYMENT_TARGET = 26.0;
				MARKETING_VERSION = 1.0;
				PRODUCT_BUNDLE_IDENTIFIER = com.crucialsoftware.USkateAppV2UITests;
				PRODUCT_NAME = "$(TARGET_NAME)";
				SDKROOT = auto;
				STRING_CATALOG_GENERATE_SYMBOLS = NO;
				SUPPORTED_PLATFORMS = "iphoneos iphonesimulator macosx xros xrsimulator";
				SWIFT_APPROACHABLE_CONCURRENCY = YES;
				SWIFT_EMIT_LOC_STRINGS = NO;
				SWIFT_UPCOMING_FEATURE_MEMBER_IMPORT_VISIBILITY = YES;
				SWIFT_VERSION = 5.0;
				TARGETED_DEVICE_FAMILY = "1,2,7";
				TEST_TARGET_NAME = USkateAppV2;
				XROS_DEPLOYMENT_TARGET = 26.0;
			};
			name = Release;
		};
/* End XCBuildConfiguration section */

/* Begin XCConfigurationList section */
		D76F49552EA8306A00BFF757 /* Build configuration list for PBXProject "USkateAppV2" */ = {
			isa = XCConfigurationList;
			buildConfigurations = (
				D76F49812EA8306B00BFF757 /* Debug configuration for PBXProject "USkateAppV2" */,
				D76F49822EA8306B00BFF757 /* Release configuration for PBXProject "USkateAppV2" */,
			);
			defaultConfigurationName = Release;
		};
		D76F497E2EA8306B00BFF757 /* Build configuration list for PBXNativeTarget "USkateAppV2" */ = {
			isa = XCConfigurationList;
			buildConfigurations = (
				D76F497F2EA8306B00BFF757 /* Debug configuration for PBXNativeTarget "USkateAppV2" */,
				D76F49802EA8306B00BFF757 /* Release configuration for PBXNativeTarget "USkateAppV2" */,
			);
			defaultConfigurationName = Release;
		};
		D76F49832EA8306B00BFF757 /* Build configuration list for PBXNativeTarget "USkateAppV2Tests" */ = {
			isa = XCConfigurationList;
			buildConfigurations = (
				D76F49842EA8306B00BFF757 /* Debug configuration for PBXNativeTarget "USkateAppV2Tests" */,
				D76F49852EA8306B00BFF757 /* Release configuration for PBXNativeTarget "USkateAppV2Tests" */,
			);
			defaultConfigurationName = Release;
		};
		D76F49862EA8306B00BFF757 /* Build configuration list for PBXNativeTarget "USkateAppV2UITests" */ = {
			isa = XCConfigurationList;
			buildConfigurations = (
				D76F49872EA8306B00BFF757 /* Debug configuration for PBXNativeTarget "USkateAppV2UITests" */,
				D76F49882EA8306B00BFF757 /* Release configuration for PBXNativeTarget "USkateAppV2UITests" */,
			);
			defaultConfigurationName = Release;
		};
/* End XCConfigurationList section */

/* Begin XCRemoteSwiftPackageReference section */
		D754F6432F420A6600213F89 /* XCRemoteSwiftPackageReference "objectbox-swift-spm" */ = {
			isa = XCRemoteSwiftPackageReference;
			repositoryURL = "https://github.com/objectbox/objectbox-swift-spm";
			requirement = {
				kind = upToNextMajorVersion;
				minimumVersion = 5.2.0;
			};
		};
		D7625E1F2F28EEF1004FB165 /* XCRemoteSwiftPackageReference "swift-collections" */ = {
			isa = XCRemoteSwiftPackageReference;
			repositoryURL = "https://github.com/apple/swift-collections.git";
			requirement = {
				kind = upToNextMajorVersion;
				minimumVersion = 1.3.0;
			};
		};
		D7D7536E2EDDF777003CF668 /* XCRemoteSwiftPackageReference "Valet" */ = {
			isa = XCRemoteSwiftPackageReference;
			repositoryURL = "https://github.com/Square/Valet";
			requirement = {
				kind = upToNextMajorVersion;
				minimumVersion = 5.0.0;
			};
		};
/* End XCRemoteSwiftPackageReference section */

/* Begin XCSwiftPackageProductDependency section */
		D754F6442F420A6600213F89 /* ObjectBox.xcframework */ = {
			isa = XCSwiftPackageProductDependency;
			package = D754F6432F420A6600213F89 /* XCRemoteSwiftPackageReference "objectbox-swift-spm" */;
			productName = ObjectBox.xcframework;
		};
		D7625E202F28EEF1004FB165 /* Collections */ = {
			isa = XCSwiftPackageProductDependency;
			package = D7625E1F2F28EEF1004FB165 /* XCRemoteSwiftPackageReference "swift-collections" */;
			productName = Collections;
		};
		D7D7536F2EDDF777003CF668 /* Valet */ = {
			isa = XCSwiftPackageProductDependency;
			package = D7D7536E2EDDF777003CF668 /* XCRemoteSwiftPackageReference "Valet" */;
			productName = Valet;
		};
/* End XCSwiftPackageProductDependency section */
	};
	rootObject = D76F49522EA8306A00BFF757 /* Project object */;
}
