{
  "originHash" : "613b46822effea873f2188a5fd195e2fb51a00f49d8d408ecaf0054f5e30d393",
  "pins" : [
    {
      "identity" : "objectbox-swift-spm",
      "kind" : "remoteSourceControl",
      "location" : "https://github.com/objectbox/objectbox-swift-spm",
      "state" : {
        "revision" : "ba5a488104918b95bb5ac1793d028be7dc70483d",
        "version" : "5.2.0"
      }
    },
    {
      "identity" : "swift-collections",
      "kind" : "remoteSourceControl",
      "location" : "https://github.com/apple/swift-collections.git",
      "state" : {
        "revision" : "6675bc0ff86e61436e615df6fc5174e043e57924",
        "version" : "1.4.1"
      }
    },
    {
      "identity" : "valet",
      "kind" : "remoteSourceControl",
      "location" : "https://github.com/Square/Valet",
      "state" : {
        "revision" : "246baf6be3f9e3ff116dc05251a08f69dd7c7b9d",
        "version" : "5.1.0"
      }
    }
  ],
  "version" : 3
}
